// !$*UTF8*$!
{
	archiveVersion = 1;
	classes = {
	};
	objectVersion = 50;
	objects = {

/* Begin PBXBuildFile section */
		34070B3C21FFD17E00B22BAC /* AppDelegate.m in Sources */ = {isa = PBXBuildFile; fileRef = 34070B3B21FFD17E00B22BAC /* AppDelegate.m */; };
		34070B3F21FFD17E00B22BAC /* ViewController.m in Sources */ = {isa = PBXBuildFile; fileRef = 34070B3E21FFD17E00B22BAC /* ViewController.m */; };
		34070B4221FFD17E00B22BAC /* Main.storyboard in Resources */ = {isa = PBXBuildFile; fileRef = 34070B4021FFD17E00B22BAC /* Main.storyboard */; };
		34070B4421FFD17F00B22BAC /* Assets.xcassets in Resources */ = {isa = PBXBuildFile; fileRef = 34070B4321FFD17F00B22BAC /* Assets.xcassets */; };
		34070B4721FFD17F00B22BAC /* LaunchScreen.storyboard in Resources */ = {isa = PBXBuildFile; fileRef = 34070B4521FFD17F00B22BAC /* LaunchScreen.storyboard */; };
		34070B4A21FFD17F00B22BAC /* main.m in Sources */ = {isa = PBXBuildFile; fileRef = 34070B4921FFD17F00B22BAC /* main.m */; };
		34070B5421FFD17F00B22BAC /* ConstraintsTests.m in Sources */ = {isa = PBXBuildFile; fileRef = 34070B5321FFD17F00B22BAC /* ConstraintsTests.m */; };
		34070B5F21FFD17F00B22BAC /* ConstraintsUITests.m in Sources */ = {isa = PBXBuildFile; fileRef = 34070B5E21FFD17F00B22BAC /* ConstraintsUITests.m */; };
/* End PBXBuildFile section */

/* Begin PBXContainerItemProxy section */
		34070B5021FFD17F00B22BAC /* PBXContainerItemProxy */ = {
			isa = PBXContainerItemProxy;
			containerPortal = 34070B2F21FFD17E00B22BAC /* Project object */;
			proxyType = 1;
			remoteGlobalIDString = 34070B3621FFD17E00B22BAC;
			remoteInfo = Constraints;
		};
		34070B5B21FFD17F00B22BAC /* PBXContainerItemProxy */ = {
			isa = PBXContainerItemProxy;
			containerPortal = 34070B2F21FFD17E00B22BAC /* Project object */;
			proxyType = 1;
			remoteGlobalIDString = 34070B3621FFD17E00B22BAC;
			remoteInfo = Constraints;
		};
/* End PBXContainerItemProxy section */

/* Begin PBXFileReference section */
		34070B3721FFD17E00B22BAC /* Constraints.app */ = {isa = PBXFileReference; explicitFileType = wrapper.application; includeInIndex = 0; path = Constraints.app; sourceTree = BUILT_PRODUCTS_DIR; };
		34070B3A21FFD17E00B22BAC /* AppDelegate.h */ = {isa = PBXFileReference; lastKnownFileType = sourcecode.c.h; path = AppDelegate.h; sourceTree = "<group>"; };
		34070B3B21FFD17E00B22BAC /* AppDelegate.m */ = {isa = PBXFileReference; lastKnownFileType = sourcecode.c.objc; path = AppDelegate.m; sourceTree = "<group>"; };
		34070B3D21FFD17E00B22BAC /* ViewController.h */ = {isa = PBXFileReference; lastKnownFileType = sourcecode.c.h; path = ViewController.h; sourceTree = "<group>"; };
		34070B3E21FFD17E00B22BAC /* ViewController.m */ = {isa = PBXFileReference; lastKnownFileType = sourcecode.c.objc; path = ViewController.m; sourceTree = "<group>"; };
		34070B4121FFD17E00B22BAC /* Base */ = {isa = PBXFileReference; lastKnownFileType = file.storyboard; name = Base; path = Base.lproj/Main.storyboard; sourceTree = "<group>"; };
		34070B4321FFD17F00B22BAC /* Assets.xcassets */ = {isa = PBXFileReference; lastKnownFileType = folder.assetcatalog; path = Assets.xcassets; sourceTree = "<group>"; };
		34070B4621FFD17F00B22BAC /* Base */ = {isa = PBXFileReference; lastKnownFileType = file.storyboard; name = Base; path = Base.lproj/LaunchScreen.storyboard; sourceTree = "<group>"; };
		34070B4821FFD17F00B22BAC /* Info.plist */ = {isa = PBXFileReference; lastKnownFileType = text.plist.xml; path = Info.plist; sourceTree = "<group>"; };
		34070B4921FFD17F00B22BAC /* main.m */ = {isa = PBXFileReference; lastKnownFileType = sourcecode.c.objc; path = main.m; sourceTree = "<group>"; };
		34070B4F21FFD17F00B22BAC /* ConstraintsTests.xctest */ = {isa = PBXFileReference; explicitFileType = wrapper.cfbundle; includeInIndex = 0; path = ConstraintsTests.xctest; sourceTree = BUILT_PRODUCTS_DIR; };
		34070B5321FFD17F00B22BAC /* ConstraintsTests.m */ = {isa = PBXFileReference; lastKnownFileType = sourcecode.c.objc; path = ConstraintsTests.m; sourceTree = "<group>"; };
		34070B5521FFD17F00B22BAC /* Info.plist */ = {isa = PBXFileReference; lastKnownFileType = text.plist.xml; path = Info.plist; sourceTree = "<group>"; };
		34070B5A21FFD17F00B22BAC /* ConstraintsUITests.xctest */ = {isa = PBXFileReference; explicitFileType = wrapper.cfbundle; includeInIndex = 0; path = ConstraintsUITests.xctest; sourceTree = BUILT_PRODUCTS_DIR; };
		34070B5E21FFD17F00B22BAC /* ConstraintsUITests.m */ = {isa = PBXFileReference; lastKnownFileType = sourcecode.c.objc; path = ConstraintsUITests.m; sourceTree = "<group>"; };
		34070B6021FFD17F00B22BAC /* Info.plist */ = {isa = PBXFileReference; lastKnownFileType = text.plist.xml; path = Info.plist; sourceTree = "<group>"; };
/* End PBXFileReference section */

/* Begin PBXFrameworksBuildPhase section */
		34070B3421FFD17E00B22BAC /* Frameworks */ = {
			isa = PBXFrameworksBuildPhase;
			buildActionMask = 2147483647;
			files = (
			);
			runOnlyForDeploymentPostprocessing = 0;
		};
		34070B4C21FFD17F00B22BAC /* Frameworks */ = {
			isa = PBXFrameworksBuildPhase;
			buildActionMask = 2147483647;
			files = (
			);
			runOnlyForDeploymentPostprocessing = 0;
		};
		34070B5721FFD17F00B22BAC /* Frameworks */ = {
			isa = PBXFrameworksBuildPhase;
			buildActionMask = 2147483647;
			files = (
			);
			runOnlyForDeploymentPostprocessing = 0;
		};
/* End PBXFrameworksBuildPhase section */

/* Begin PBXGroup section */
		34070B2E21FFD17E00B22BAC = {
			isa = PBXGroup;
			children = (
				34070B3921FFD17E00B22BAC /* Constraints */,
				34070B5221FFD17F00B22BAC /* ConstraintsTests */,
				34070B5D21FFD17F00B22BAC /* ConstraintsUITests */,
				34070B3821FFD17E00B22BAC /* Products */,
			);
			sourceTree = "<group>";
		};
		34070B3821FFD17E00B22BAC /* Products */ = {
			isa = PBXGroup;
			children = (
				34070B3721FFD17E00B22BAC /* Constraints.app */,
				34070B4F21FFD17F00B22BAC /* ConstraintsTests.xctest */,
				34070B5A21FFD17F00B22BAC /* ConstraintsUITests.xctest */,
			);
			name = Products;
			sourceTree = "<group>";
		};
		34070B3921FFD17E00B22BAC /* Constraints */ = {
			isa = PBXGroup;
			children = (
				34070B3A21FFD17E00B22BAC /* AppDelegate.h */,
				34070B3B21FFD17E00B22BAC /* AppDelegate.m */,
				34070B3D21FFD17E00B22BAC /* ViewController.h */,
				34070B3E21FFD17E00B22BAC /* ViewController.m */,
				34070B4021FFD17E00B22BAC /* Main.storyboard */,
				34070B4321FFD17F00B22BAC /* Assets.xcassets */,
				34070B4521FFD17F00B22BAC /* LaunchScreen.storyboard */,
				34070B4821FFD17F00B22BAC /* Info.plist */,
				34070B4921FFD17F00B22BAC /* main.m */,
			);
			path = Constraints;
			sourceTree = "<group>";
		};
		34070B5221FFD17F00B22BAC /* ConstraintsTests */ = {
			isa = PBXGroup;
			children = (
				34070B5321FFD17F00B22BAC /* ConstraintsTests.m */,
				34070B5521FFD17F00B22BAC /* Info.plist */,
			);
			path = ConstraintsTests;
			sourceTree = "<group>";
		};
		34070B5D21FFD17F00B22BAC /* ConstraintsUITests */ = {
			isa = PBXGroup;
			children = (
				34070B5E21FFD17F00B22BAC /* ConstraintsUITests.m */,
				34070B6021FFD17F00B22BAC /* Info.plist */,
			);
			path = ConstraintsUITests;
			sourceTree = "<group>";
		};
/* End PBXGroup section */

/* Begin PBXNativeTarget section */
		34070B3621FFD17E00B22BAC /* Constraints */ = {
			isa = PBXNativeTarget;
			buildConfigurationList = 34070B6321FFD17F00B22BAC /* Build configuration list for PBXNativeTarget "Constraints" */;
			buildPhases = (
				34070B3321FFD17E00B22BAC /* Sources */,
				34070B3421FFD17E00B22BAC /* Frameworks */,
				34070B3521FFD17E00B22BAC /* Resources */,
			);
			buildRules = (
			);
			dependencies = (
			);
			name = Constraints;
			productName = Constraints;
			productReference = 34070B3721FFD17E00B22BAC /* Constraints.app */;
			productType = "com.apple.product-type.application";
		};
		34070B4E21FFD17F00B22BAC /* ConstraintsTests */ = {
			isa = PBXNativeTarget;
			buildConfigurationList = 34070B6621FFD17F00B22BAC /* Build configuration list for PBXNativeTarget "ConstraintsTests" */;
			buildPhases = (
				34070B4B21FFD17F00B22BAC /* Sources */,
				34070B4C21FFD17F00B22BAC /* Frameworks */,
				34070B4D21FFD17F00B22BAC /* Resources */,
			);
			buildRules = (
			);
			dependencies = (
				34070B5121FFD17F00B22BAC /* PBXTargetDependency */,
			);
			name = ConstraintsTests;
			productName = ConstraintsTests;
			productReference = 34070B4F21FFD17F00B22BAC /* ConstraintsTests.xctest */;
			productType = "com.apple.product-type.bundle.unit-test";
		};
		34070B5921FFD17F00B22BAC /* ConstraintsUITests */ = {
			isa = PBXNativeTarget;
			buildConfigurationList = 34070B6921FFD17F00B22BAC /* Build configuration list for PBXNativeTarget "ConstraintsUITests" */;
			buildPhases = (
				34070B5621FFD17F00B22BAC /* Sources */,
				34070B5721FFD17F00B22BAC /* Frameworks */,
				34070B5821FFD17F00B22BAC /* Resources */,
			);
			buildRules = (
			);
			dependencies = (
				34070B5C21FFD17F00B22BAC /* PBXTargetDependency */,
			);
			name = ConstraintsUITests;
			productName = ConstraintsUITests;
			productReference = 34070B5A21FFD17F00B22BAC /* ConstraintsUITests.xctest */;
			productType = "com.apple.product-type.bundle.ui-testing";
		};
/* End PBXNativeTarget section */

/* Begin PBXProject section */
		34070B2F21FFD17E00B22BAC /* Project object */ = {
			isa = PBXProject;
			attributes = {
				LastUpgradeCheck = 1010;
				ORGANIZATIONNAME = "Ginny's Games";
				TargetAttributes = {
					34070B3621FFD17E00B22BAC = {
						CreatedOnToolsVersion = 10.1;
					};
					34070B4E21FFD17F00B22BAC = {
						CreatedOnToolsVersion = 10.1;
						TestTargetID = 34070B3621FFD17E00B22BAC;
					};
					34070B5921FFD17F00B22BAC = {
						CreatedOnToolsVersion = 10.1;
						TestTargetID = 34070B3621FFD17E00B22BAC;
					};
				};
			};
			buildConfigurationList = 34070B3221FFD17E00B22BAC /* Build configuration list for PBXProject "Constraints" */;
			compatibilityVersion = "Xcode 9.3";
			developmentRegion = en;
			hasScannedForEncodings = 0;
			knownRegions = (
				en,
				Base,
			);
			mainGroup = 34070B2E21FFD17E00B22BAC;
			productRefGroup = 34070B3821FFD17E00B22BAC /* Products */;
			projectDirPath = "";
			projectRoot = "";
			targets = (
				34070B3621FFD17E00B22BAC /* Constraints */,
				34070B4E21FFD17F00B22BAC /* ConstraintsTests */,
				34070B5921FFD17F00B22BAC /* ConstraintsUITests */,
			);
		};
/* End PBXProject section */

/* Begin PBXResourcesBuildPhase section */
		34070B3521FFD17E00B22BAC /* Resources */ = {
			isa = PBXResourcesBuildPhase;
			buildActionMask = 2147483647;
			files = (
				34070B4721FFD17F00B22BAC /* LaunchScreen.storyboard in Resources */,
				34070B4421FFD17F00B22BAC /* Assets.xcassets in Resources */,
				34070B4221FFD17E00B22BAC /* Main.storyboard in Resources */,
			);
			runOnlyForDeploymentPostprocessing = 0;
		};
		34070B4D21FFD17F00B22BAC /* Resources */ = {
			isa = PBXResourcesBuildPhase;
			buildActionMask = 2147483647;
			files = (
			);
			runOnlyForDeploymentPostprocessing = 0;
		};
		34070B5821FFD17F00B22BAC /* Resources */ = {
			isa = PBXResourcesBuildPhase;
			buildActionMask = 2147483647;
			files = (
			);
			runOnlyForDeploymentPostprocessing = 0;
		};
/* End PBXResourcesBuildPhase section */

/* Begin PBXSourcesBuildPhase section */
		34070B3321FFD17E00B22BAC /* Sources */ = {
			isa = PBXSourcesBuildPhase;
			buildActionMask = 2147483647;
			files = (
				34070B3F21FFD17E00B22BAC /* ViewController.m in Sources */,
				34070B4A21FFD17F00B22BAC /* main.m in Sources */,
				34070B3C21FFD17E00B22BAC /* AppDelegate.m in Sources */,
			);
			runOnlyForDeploymentPostprocessing = 0;
		};
		34070B4B21FFD17F00B22BAC /* Sources */ = {
			isa = PBXSourcesBuildPhase;
			buildActionMask = 2147483647;
			files = (
				34070B5421FFD17F00B22BAC /* ConstraintsTests.m in Sources */,
			);
			runOnlyForDeploymentPostprocessing = 0;
		};
		34070B5621FFD17F00B22BAC /* Sources */ = {
			isa = PBXSourcesBuildPhase;
			buildActionMask = 2147483647;
			files = (
				34070B5F21FFD17F00B22BAC /* ConstraintsUITests.m in Sources */,
			);
			runOnlyForDeploymentPostprocessing = 0;
		};
/* End PBXSourcesBuildPhase section */

/* Begin PBXTargetDependency section */
		34070B5121FFD17F00B22BAC /* PBXTargetDependency */ = {
			isa = PBXTargetDependency;
			target = 34070B3621FFD17E00B22BAC /* Constraints */;
			targetProxy = 34070B5021FFD17F00B22BAC /* PBXContainerItemProxy */;
		};
		34070B5C21FFD17F00B22BAC /* PBXTargetDependency */ = {
			isa = PBXTargetDependency;
			target = 34070B3621FFD17E00B22BAC /* Constraints */;
			targetProxy = 34070B5B21FFD17F00B22BAC /* PBXContainerItemProxy */;
		};
/* End PBXTargetDependency section */

/* Begin PBXVariantGroup section */
		34070B4021FFD17E00B22BAC /* Main.storyboard */ = {
			isa = PBXVariantGroup;
			children = (
				34070B4121FFD17E00B22BAC /* Base */,
			);
			name = Main.storyboard;
			sourceTree = "<group>";
		};
		34070B4521FFD17F00B22BAC /* LaunchScreen.storyboard */ = {
			isa = PBXVariantGroup;
			children = (
				34070B4621FFD17F00B22BAC /* Base */,
			);
			name = LaunchScreen.storyboard;
			sourceTree = "<group>";
		};
/* End PBXVariantGroup section */

/* Begin XCBuildConfiguration section */
		34070B6121FFD17F00B22BAC /* Debug */ = {
			isa = XCBuildConfiguration;
			buildSettings = {
				ALWAYS_SEARCH_USER_PATHS = NO;
				CLANG_ANALYZER_NONNULL = YES;
				CLANG_ANALYZER_NUMBER_OBJECT_CONVERSION = YES_AGGRESSIVE;
				CLANG_CXX_LANGUAGE_STANDARD = "gnu++14";
				CLANG_CXX_LIBRARY = "libc++";
				CLANG_ENABLE_MODULES = YES;
				CLANG_ENABLE_OBJC_ARC = YES;
				CLANG_ENABLE_OBJC_WEAK = YES;
				CLANG_WARN_BLOCK_CAPTURE_AUTORELEASING = YES;
				CLANG_WARN_BOOL_CONVERSION = YES;
				CLANG_WARN_COMMA = YES;
				CLANG_WARN_CONSTANT_CONVERSION = YES;
				CLANG_WARN_DEPRECATED_OBJC_IMPLEMENTATIONS = YES;
				CLANG_WARN_DIRECT_OBJC_ISA_USAGE = YES_ERROR;
				CLANG_WARN_DOCUMENTATION_COMMENTS = YES;
				CLANG_WARN_EMPTY_BODY = YES;
				CLANG_WARN_ENUM_CONVERSION = YES;
				CLANG_WARN_INFINITE_RECURSION = YES;
				CLANG_WARN_INT_CONVERSION = YES;
				CLANG_WARN_NON_LITERAL_NULL_CONVERSION = YES;
				CLANG_WARN_OBJC_IMPLICIT_RETAIN_SELF = YES;
				CLANG_WARN_OBJC_LITERAL_CONVERSION = YES;
				CLANG_WARN_OBJC_ROOT_CLASS = YES_ERROR;
				CLANG_WARN_RANGE_LOOP_ANALYSIS = YES;
				CLANG_WARN_STRICT_PROTOTYPES = YES;
				CLANG_WARN_SUSPICIOUS_MOVE = YES;
				CLANG_WARN_UNGUARDED_AVAILABILITY = YES_AGGRESSIVE;
				CLANG_WARN_UNREACHABLE_CODE = YES;
				CLANG_WARN__DUPLICATE_METHOD_MATCH = YES;
				CODE_SIGN_IDENTITY = "iPhone Developer";
				COPY_PHASE_STRIP = NO;
				DEBUG_INFORMATION_FORMAT = dwarf;
				ENABLE_STRICT_OBJC_MSGSEND = YES;
				ENABLE_TESTABILITY = YES;
				GCC_C_LANGUAGE_STANDARD = gnu11;
				GCC_DYNAMIC_NO_PIC = NO;
				GCC_NO_COMMON_BLOCKS = YES;
				GCC_OPTIMIZATION_LEVEL = 0;
				GCC_PREPROCESSOR_DEFINITIONS = (
					"DEBUG=1",
					"$(inherited)",
				);
				GCC_WARN_64_TO_32_BIT_CONVERSION = YES;
				GCC_WARN_ABOUT_RETURN_TYPE = YES_ERROR;
				GCC_WARN_UNDECLARED_SELECTOR = YES;
				GCC_WARN_UNINITIALIZED_AUTOS = YES_AGGRESSIVE;
				GCC_WARN_UNUSED_FUNCTION = YES;
				GCC_WARN_UNUSED_VARIABLE = YES;
				IPHONEOS_DEPLOYMENT_TARGET = 12.1;
				MTL_ENABLE_DEBUG_INFO = INCLUDE_SOURCE;
				MTL_FAST_MATH = YES;
				ONLY_ACTIVE_ARCH = YES;
				SDKROOT = iphoneos;
			};
			name = Debug;
		};
		34070B6221FFD17F00B22BAC /* Release */ = {
			isa = XCBuildConfiguration;
			buildSettings = {
				ALWAYS_SEARCH_USER_PATHS = NO;
				CLANG_ANALYZER_NONNULL = YES;
				CLANG_ANALYZER_NUMBER_OBJECT_CONVERSION = YES_AGGRESSIVE;
				CLANG_CXX_LANGUAGE_STANDARD = "gnu++14";
				CLANG_CXX_LIBRARY = "libc++";
				CLANG_ENABLE_MODULES = YES;
				CLANG_ENABLE_OBJC_ARC = YES;
				CLANG_ENABLE_OBJC_WEAK = YES;
				CLANG_WARN_BLOCK_CAPTURE_AUTORELEASING = YES;
				CLANG_WARN_BOOL_CONVERSION = YES;
				CLANG_WARN_COMMA = YES;
				CLANG_WARN_CONSTANT_CONVERSION = YES;
				CLANG_WARN_DEPRECATED_OBJC_IMPLEMENTATIONS = YES;
				CLANG_WARN_DIRECT_OBJC_ISA_USAGE = YES_ERROR;
				CLANG_WARN_DOCUMENTATION_COMMENTS = YES;
				CLANG_WARN_EMPTY_BODY = YES;
				CLANG_WARN_ENUM_CONVERSION = YES;
				CLANG_WARN_INFINITE_RECURSION = YES;
				CLANG_WARN_INT_CONVERSION = YES;
				CLANG_WARN_NON_LITERAL_NULL_CONVERSION = YES;
				CLANG_WARN_OBJC_IMPLICIT_RETAIN_SELF = YES;
				CLANG_WARN_OBJC_LITERAL_CONVERSION = YES;
				CLANG_WARN_OBJC_ROOT_CLASS = YES_ERROR;
				CLANG_WARN_RANGE_LOOP_ANALYSIS = YES;
				CLANG_WARN_STRICT_PROTOTYPES = YES;
				CLANG_WARN_SUSPICIOUS_MOVE = YES;
				CLANG_WARN_UNGUARDED_AVAILABILITY = YES_AGGRESSIVE;
				CLANG_WARN_UNREACHABLE_CODE = YES;
				CLANG_WARN__DUPLICATE_METHOD_MATCH = YES;
				CODE_SIGN_IDENTITY = "iPhone Developer";
				COPY_PHASE_STRIP = NO;
				DEBUG_INFORMATION_FORMAT = "dwarf-with-dsym";
				ENABLE_NS_ASSERTIONS = NO;
				ENABLE_STRICT_OBJC_MSGSEND = YES;
				GCC_C_LANGUAGE_STANDARD = gnu11;
				GCC_NO_COMMON_BLOCKS = YES;
				GCC_WARN_64_TO_32_BIT_CONVERSION = YES;
				GCC_WARN_ABOUT_RETURN_TYPE = YES_ERROR;
				GCC_WARN_UNDECLARED_SELECTOR = YES;
				GCC_WARN_UNINITIALIZED_AUTOS = YES_AGGRESSIVE;
				GCC_WARN_UNUSED_FUNCTION = YES;
				GCC_WARN_UNUSED_VARIABLE = YES;
				IPHONEOS_DEPLOYMENT_TARGET = 12.1;
				MTL_ENABLE_DEBUG_INFO = NO;
				MTL_FAST_MATH = YES;
				SDKROOT = iphoneos;
				VALIDATE_PRODUCT = YES;
			};
			name = Release;
		};
		34070B6421FFD17F00B22BAC /* Debug */ = {
			isa = XCBuildConfiguration;
			buildSettings = {
				ASSETCATALOG_COMPILER_APPICON_NAME = AppIcon;
				CODE_SIGN_STYLE = Automatic;
				INFOPLIST_FILE = Constraints/Info.plist;
				LD_RUNPATH_SEARCH_PATHS = (
					"$(inherited)",
					"@executable_path/Frameworks",
				);
				PRODUCT_BUNDLE_IDENTIFIER = ginny.Constraints;
				PRODUCT_NAME = "$(TARGET_NAME)";
				TARGETED_DEVICE_FAMILY = "1,2";
			};
			name = Debug;
		};
		34070B6521FFD17F00B22BAC /* Release */ = {
			isa = XCBuildConfiguration;
			buildSettings = {
				ASSETCATALOG_COMPILER_APPICON_NAME = AppIcon;
				CODE_SIGN_STYLE = Automatic;
				INFOPLIST_FILE = Constraints/Info.plist;
				LD_RUNPATH_SEARCH_PATHS = (
					"$(inherited)",
					"@executable_path/Frameworks",
				);
				PRODUCT_BUNDLE_IDENTIFIER = ginny.Constraints;
				PRODUCT_NAME = "$(TARGET_NAME)";
				TARGETED_DEVICE_FAMILY = "1,2";
			};
			name = Release;
		};
		34070B6721FFD17F00B22BAC /* Debug */ = {
			isa = XCBuildConfiguration;
			buildSettings = {
				BUNDLE_LOADER = "$(TEST_HOST)";
				CODE_SIGN_STYLE = Automatic;
				INFOPLIST_FILE = ConstraintsTests/Info.plist;
				LD_RUNPATH_SEARCH_PATHS = (
					"$(inherited)",
					"@executable_path/Frameworks",
					"@loader_path/Frameworks",
				);
				PRODUCT_BUNDLE_IDENTIFIER = ginny.ConstraintsTests;
				PRODUCT_NAME = "$(TARGET_NAME)";
				TARGETED_DEVICE_FAMILY = "1,2";
				TEST_HOST = "$(BUILT_PRODUCTS_DIR)/Constraints.app/Constraints";
			};
			name = Debug;
		};
		34070B6821FFD17F00B22BAC /* Release */ = {
			isa = XCBuildConfiguration;
			buildSettings = {
				BUNDLE_LOADER = "$(TEST_HOST)";
				CODE_SIGN_STYLE = Automatic;
				INFOPLIST_FILE = ConstraintsTests/Info.plist;
				LD_RUNPATH_SEARCH_PATHS = (
					"$(inherited)",
					"@executable_path/Frameworks",
					"@loader_path/Frameworks",
				);
				PRODUCT_BUNDLE_IDENTIFIER = ginny.ConstraintsTests;
				PRODUCT_NAME = "$(TARGET_NAME)";
				TARGETED_DEVICE_FAMILY = "1,2";
				TEST_HOST = "$(BUILT_PRODUCTS_DIR)/Constraints.app/Constraints";
			};
			name = Release;
		};
		34070B6A21FFD17F00B22BAC /* Debug */ = {
			isa = XCBuildConfiguration;
			buildSettings = {
				CODE_SIGN_STYLE = Automatic;
				INFOPLIST_FILE = ConstraintsUITests/Info.plist;
				LD_RUNPATH_SEARCH_PATHS = (
					"$(inherited)",
					"@executable_path/Frameworks",
					"@loader_path/Frameworks",
				);
				PRODUCT_BUNDLE_IDENTIFIER = ginny.ConstraintsUITests;
				PRODUCT_NAME = "$(TARGET_NAME)";
				TARGETED_DEVICE_FAMILY = "1,2";
				TEST_TARGET_NAME = Constraints;
			};
			name = Debug;
		};
		34070B6B21FFD17F00B22BAC /* Release */ = {
			isa = XCBuildConfiguration;
			buildSettings = {
				CODE_SIGN_STYLE = Automatic;
				INFOPLIST_FILE = ConstraintsUITests/Info.plist;
				LD_RUNPATH_SEARCH_PATHS = (
					"$(inherited)",
					"@executable_path/Frameworks",
					"@loader_path/Frameworks",
				);
				PRODUCT_BUNDLE_IDENTIFIER = ginny.ConstraintsUITests;
				PRODUCT_NAME = "$(TARGET_NAME)";
				TARGETED_DEVICE_FAMILY = "1,2";
				TEST_TARGET_NAME = Constraints;
			};
			name = Release;
		};
/* End XCBuildConfiguration section */

/* Begin XCConfigurationList section */
		34070B3221FFD17E00B22BAC /* Build configuration list for PBXProject "Constraints" */ = {
			isa = XCConfigurationList;
			buildConfigurations = (
				34070B6121FFD17F00B22BAC /* Debug */,
				34070B6221FFD17F00B22BAC /* Release */,
			);
			defaultConfigurationIsVisible = 0;
			defaultConfigurationName = Release;
		};
		34070B6321FFD17F00B22BAC /* Build configuration list for PBXNativeTarget "Constraints" */ = {
			isa = XCConfigurationList;
			buildConfigurations = (
				34070B6421FFD17F00B22BAC /* Debug */,
				34070B6521FFD17F00B22BAC /* Release */,
			);
			defaultConfigurationIsVisible = 0;
			defaultConfigurationName = Release;
		};
		34070B6621FFD17F00B22BAC /* Build configuration list for PBXNativeTarget "ConstraintsTests" */ = {
			isa = XCConfigurationList;
			buildConfigurations = (
				34070B6721FFD17F00B22BAC /* Debug */,
				34070B6821FFD17F00B22BAC /* Release */,
			);
			defaultConfigurationIsVisible = 0;
			defaultConfigurationName = Release;
		};
		34070B6921FFD17F00B22BAC /* Build configuration list for PBXNativeTarget "ConstraintsUITests" */ = {
			isa = XCConfigurationList;
			buildConfigurations = (
				34070B6A21FFD17F00B22BAC /* Debug */,
				34070B6B21FFD17F00B22BAC /* Release */,
			);
			defaultConfigurationIsVisible = 0;
			defaultConfigurationName = Release;
		};
/* End XCConfigurationList section */
	};
	rootObject = 34070B2F21FFD17E00B22BAC /* Project object */;
}
